
Microsoft Visual Studio Solution File, Format Version 12.00
# Visual Studio Version 17
VisualStudioVersion = 17.9.34723.18
MinimumVisualStudioVersion = 10.0.40219.1
Project("{9A19103F-16F7-4668-BE54-9A1E7A4F7556}") = "SSO-Package", "SSO-Package\SSO-Package.csproj", "{DE85E9AD-B4A3-432B-8379-9EF78BA00CEB}"
EndProject
Global
	GlobalSection(SolutionConfigurationPlatforms) = preSolution
		Debug|Any CPU = Debug|Any CPU
		Release|Any CPU = Release|Any CPU
	EndGlobalSection
	GlobalSection(ProjectConfigurationPlatforms) = postSolution
		{DE85E9AD-B4A3-432B-8379-9EF78BA00CEB}.Debug|Any CPU.ActiveCfg = Release|Any CPU
		{DE85E9AD-B4A3-432B-8379-9EF78BA00CEB}.Debug|Any CPU.Build.0 = Release|Any CPU
		{DE85E9AD-B4A3-432B-8379-9EF78BA00CEB}.Release|Any CPU.ActiveCfg = Release|Any CPU
		{DE85E9AD-B4A3-432B-8379-9EF78BA00CEB}.Release|Any CPU.Build.0 = Release|Any CPU
	EndGlobalSection
	GlobalSection(SolutionProperties) = preSolution
		HideSolutionNode = FALSE
	EndGlobalSection
	GlobalSection(ExtensibilityGlobals) = postSolution
		SolutionGuid = {125A4315-3145-433C-B696-DEB8543C62E1}
	EndGlobalSection
EndGlobal
